
Microsoft Visual Studio Solution File, Format Version 12.00
# Visual Studio 2012
Project("{FAE04EC0-301F-11D3-BF4B-00C04F79EFBC}") = "CMS3", "MvcApplication1\CMS3.csproj", "{B9BFA381-ADB5-4489-BCC5-A59B99CB3815}"
EndProject
Global
	GlobalSection(SolutionConfigurationPlatforms) = preSolution
		Debug|Any CPU = Debug|Any CPU
		Release|Any CPU = Release|Any CPU
	EndGlobalSection
	GlobalSection(ProjectConfigurationPlatforms) = postSolution
		{B9BFA381-ADB5-4489-BCC5-A59B99CB3815}.Debug|Any CPU.ActiveCfg = Debug|Any CPU
		{B9BFA381-ADB5-4489-BCC5-A59B99CB3815}.Debug|Any CPU.Build.0 = Debug|Any CPU
		{B9BFA381-ADB5-4489-BCC5-A59B99CB3815}.Release|Any CPU.ActiveCfg = Release|Any CPU
		{B9BFA381-ADB5-4489-BCC5-A59B99CB3815}.Release|Any CPU.Build.0 = Release|Any CPU
	EndGlobalSection
	GlobalSection(SolutionProperties) = preSolution
		HideSolutionNode = FALSE
	EndGlobalSection
EndGlobal
